<Solution>
  <Folder Name="/Elementos de la solución/">
    <File Path="Contexto.md" />
    <File Path="PylinskiCuello_ProyectoWeb/Styles/Backupyrestore.css" />
  </Folder>
  <Project Path="BE/BE.csproj" Id="d9b25d64-ad66-4f47-9640-380306bf426e" />
  <Project Path="BLL/BLL.csproj" Id="2a3bd30b-bfd6-483a-81d3-cb87ab89c971" />
  <Project Path="DAL/DAL.csproj" Id="f531957c-bb38-4209-b6d9-1c8a78101163" />
  <Project Path="LOGICA/LOGICA.csproj" Id="e5efe9fb-0ffa-4118-89c9-a1274407500e" />
  <Project Path="PylinskiCuello_ProyectoWeb/PylinskiCuello_ProyectoWeb.csproj" Id="ee76cffe-d9ab-42d4-a036-c45c98840d16" />
  <Project Path="SERVICIOS/SERVICIOS.csproj" Id="e25e2fa7-c097-40e6-ac84-d61a531ac726" />
</Solution>
